
Microsoft Visual Studio Solution File, Format Version 12.00
# Visual Studio Version 16
VisualStudioVersion = 16.0.29613.14
MinimumVisualStudioVersion = 10.0.40219.1
Project("{FAE04EC0-301F-11D3-BF4B-00C04F79EFBC}") = "HOTEL  TAJ  MANAGEMENT  SYSTEM 1", "HOTEL  TAJ  MANAGEMENT  SYSTEM 1\HOTEL  TAJ  MANAGEMENT  SYSTEM 1.csproj", "{A14CAF08-7BF0-460B-82BC-E4B76F93646C}"
EndProject
Global
	GlobalSection(SolutionConfigurationPlatforms) = preSolution
		Debug|Any CPU = Debug|Any CPU
		Release|Any CPU = Release|Any CPU
	EndGlobalSection
	GlobalSection(ProjectConfigurationPlatforms) = postSolution
		{A14CAF08-7BF0-460B-82BC-E4B76F93646C}.Debug|Any CPU.ActiveCfg = Debug|Any CPU
		{A14CAF08-7BF0-460B-82BC-E4B76F93646C}.Debug|Any CPU.Build.0 = Debug|Any CPU
		{A14CAF08-7BF0-460B-82BC-E4B76F93646C}.Release|Any CPU.ActiveCfg = Release|Any CPU
		{A14CAF08-7BF0-460B-82BC-E4B76F93646C}.Release|Any CPU.Build.0 = Release|Any CPU
	EndGlobalSection
	GlobalSection(SolutionProperties) = preSolution
		HideSolutionNode = FALSE
	EndGlobalSection
	GlobalSection(ExtensibilityGlobals) = postSolution
		SolutionGuid = {96E36317-C774-49CB-9A77-1CE2CCC5B3AC}
	EndGlobalSection
EndGlobal
